{
  "name": "kindle-tty",
  "version": "1.0.0",
  "lockfileVersion": 1,
  "requires": true,
  "dependencies": {
    "terminal.js": {
      "version": "1.0.10",
      "resolved": "https://registry.npmjs.org/terminal.js/-/terminal.js-1.0.10.tgz",
      "integrity": "sha1-j6reJpnoVIdKQwFlkP31tdNPw8A="
    }
  }
}
